// !$*UTF8*$!
{
	archiveVersion = 1;
	classes = {
	};
	objectVersion = 51;
	objects = {

/* Begin PBXBuildFile section */
		AC5AF28126CF6ABE001EE52D /* AppDelegate.swift in Sources */ = {isa = PBXBuildFile; fileRef = AC5AF28026CF6ABE001EE52D /* AppDelegate.swift */; };
		AC5AF28326CF6ABE001EE52D /* SceneDelegate.swift in Sources */ = {isa = PBXBuildFile; fileRef = AC5AF28226CF6ABE001EE52D /* SceneDelegate.swift */; };
		AC5AF28526CF6ABE001EE52D /* ViewController.swift in Sources */ = {isa = PBXBuildFile; fileRef = AC5AF28426CF6ABE001EE52D /* ViewController.swift */; };
		AC5AF28826CF6ABE001EE52D /* Main.storyboard in Resources */ = {isa = PBXBuildFile; fileRef = AC5AF28626CF6ABE001EE52D /* Main.storyboard */; };
		AC5AF28A26CF6AC0001EE52D /* Assets.xcassets in Resources */ = {isa = PBXBuildFile; fileRef = AC5AF28926CF6AC0001EE52D /* Assets.xcassets */; };
		AC5AF28D26CF6AC0001EE52D /* LaunchScreen.storyboard in Resources */ = {isa = PBXBuildFile; fileRef = AC5AF28B26CF6AC0001EE52D /* LaunchScreen.storyboard */; };
		AC5AF29A26CF6D64001EE52D /* AllCityVC.swift in Sources */ = {isa = PBXBuildFile; fileRef = AC5AF29926CF6D64001EE52D /* AllCityVC.swift */; };
		AC5AF29F26CF6E5D001EE52D /* AllCityCell.swift in Sources */ = {isa = PBXBuildFile; fileRef = AC5AF29D26CF6E5D001EE52D /* AllCityCell.swift */; };
		AC5AF2A026CF6E5D001EE52D /* AllCityCell.xib in Resources */ = {isa = PBXBuildFile; fileRef = AC5AF29E26CF6E5D001EE52D /* AllCityCell.xib */; };
		AC5AF2A426CF7080001EE52D /* AllCityModel.swift in Sources */ = {isa = PBXBuildFile; fileRef = AC5AF2A326CF7080001EE52D /* AllCityModel.swift */; };
		AC5AF2B126CF8415001EE52D /* ChicagoCityVC.swift in Sources */ = {isa = PBXBuildFile; fileRef = AC5AF2B026CF8415001EE52D /* ChicagoCityVC.swift */; };
		AC5AF2B426CF843F001EE52D /* NewYorkCityVC.swift in Sources */ = {isa = PBXBuildFile; fileRef = AC5AF2B326CF843F001EE52D /* NewYorkCityVC.swift */; };
		AC5AF2B726CF8468001EE52D /* LosAngelesCityVC.swift in Sources */ = {isa = PBXBuildFile; fileRef = AC5AF2B626CF8468001EE52D /* LosAngelesCityVC.swift */; };
		AC83BF8D26D36B1D00513A07 /* Global.swift in Sources */ = {isa = PBXBuildFile; fileRef = AC83BF8C26D36B1D00513A07 /* Global.swift */; };
		AC83C03C26D3E1AE00513A07 /* AllCityCell.swift in Sources */ = {isa = PBXBuildFile; fileRef = AC83C03B26D3E1AE00513A07 /* AllCityCell.swift */; };
		AC83C03F26D3E1B800513A07 /* AllCityCell.xib in Resources */ = {isa = PBXBuildFile; fileRef = AC83C03E26D3E1B800513A07 /* AllCityCell.xib */; };
		AC83C04826D3E1EC00513A07 /* AllCityModel.swift in Sources */ = {isa = PBXBuildFile; fileRef = AC83C04726D3E1EC00513A07 /* AllCityModel.swift */; };
		E1B2BED1F13F2A024EEC5364 /* Pods_HirenPrectical.framework in Frameworks */ = {isa = PBXBuildFile; fileRef = 98B4FCA259D06E5F3A7A721F /* Pods_HirenPrectical.framework */; };
/* End PBXBuildFile section */

/* Begin PBXFileReference section */
		1957A32B434C3D49518C3DF7 /* Pods-HirenPrectical.debug.xcconfig */ = {isa = PBXFileReference; includeInIndex = 1; lastKnownFileType = text.xcconfig; name = "Pods-HirenPrectical.debug.xcconfig"; path = "Target Support Files/Pods-HirenPrectical/Pods-HirenPrectical.debug.xcconfig"; sourceTree = "<group>"; };
		98B4FCA259D06E5F3A7A721F /* Pods_HirenPrectical.framework */ = {isa = PBXFileReference; explicitFileType = wrapper.framework; includeInIndex = 0; path = Pods_HirenPrectical.framework; sourceTree = BUILT_PRODUCTS_DIR; };
		AC5AF27D26CF6ABE001EE52D /* HirenPrectical.app */ = {isa = PBXFileReference; explicitFileType = wrapper.application; includeInIndex = 0; path = HirenPrectical.app; sourceTree = BUILT_PRODUCTS_DIR; };
		AC5AF28026CF6ABE001EE52D /* AppDelegate.swift */ = {isa = PBXFileReference; lastKnownFileType = sourcecode.swift; path = AppDelegate.swift; sourceTree = "<group>"; };
		AC5AF28226CF6ABE001EE52D /* SceneDelegate.swift */ = {isa = PBXFileReference; lastKnownFileType = sourcecode.swift; path = SceneDelegate.swift; sourceTree = "<group>"; };
		AC5AF28426CF6ABE001EE52D /* ViewController.swift */ = {isa = PBXFileReference; lastKnownFileType = sourcecode.swift; path = ViewController.swift; sourceTree = "<group>"; };
		AC5AF28726CF6ABE001EE52D /* Base */ = {isa = PBXFileReference; lastKnownFileType = file.storyboard; name = Base; path = Base.lproj/Main.storyboard; sourceTree = "<group>"; };
		AC5AF28926CF6AC0001EE52D /* Assets.xcassets */ = {isa = PBXFileReference; lastKnownFileType = folder.assetcatalog; path = Assets.xcassets; sourceTree = "<group>"; };
		AC5AF28C26CF6AC0001EE52D /* Base */ = {isa = PBXFileReference; lastKnownFileType = file.storyboard; name = Base; path = Base.lproj/LaunchScreen.storyboard; sourceTree = "<group>"; };
		AC5AF28E26CF6AC0001EE52D /* Info.plist */ = {isa = PBXFileReference; lastKnownFileType = text.plist.xml; path = Info.plist; sourceTree = "<group>"; };
		AC5AF29926CF6D64001EE52D /* AllCityVC.swift */ = {isa = PBXFileReference; lastKnownFileType = sourcecode.swift; path = AllCityVC.swift; sourceTree = "<group>"; };
		AC5AF29D26CF6E5D001EE52D /* AllCityCell.swift */ = {isa = PBXFileReference; lastKnownFileType = sourcecode.swift; path = AllCityCell.swift; sourceTree = "<group>"; };
		AC5AF29E26CF6E5D001EE52D /* AllCityCell.xib */ = {isa = PBXFileReference; lastKnownFileType = file.xib; path = AllCityCell.xib; sourceTree = "<group>"; };
		AC5AF2A326CF7080001EE52D /* AllCityModel.swift */ = {isa = PBXFileReference; fileEncoding = 4; lastKnownFileType = sourcecode.swift; path = AllCityModel.swift; sourceTree = "<group>"; };
		AC5AF2B026CF8415001EE52D /* ChicagoCityVC.swift */ = {isa = PBXFileReference; lastKnownFileType = sourcecode.swift; path = ChicagoCityVC.swift; sourceTree = "<group>"; };
		AC5AF2B326CF843F001EE52D /* NewYorkCityVC.swift */ = {isa = PBXFileReference; lastKnownFileType = sourcecode.swift; path = NewYorkCityVC.swift; sourceTree = "<group>"; };
		AC5AF2B626CF8468001EE52D /* LosAngelesCityVC.swift */ = {isa = PBXFileReference; lastKnownFileType = sourcecode.swift; path = LosAngelesCityVC.swift; sourceTree = "<group>"; };
		AC83BF8C26D36B1D00513A07 /* Global.swift */ = {isa = PBXFileReference; lastKnownFileType = sourcecode.swift; path = Global.swift; sourceTree = "<group>"; };
		AC83C03B26D3E1AE00513A07 /* AllCityCell.swift */ = {isa = PBXFileReference; fileEncoding = 4; lastKnownFileType = sourcecode.swift; path = AllCityCell.swift; sourceTree = "<group>"; };
		AC83C03E26D3E1B800513A07 /* AllCityCell.xib */ = {isa = PBXFileReference; fileEncoding = 4; lastKnownFileType = file.xib; path = AllCityCell.xib; sourceTree = "<group>"; };
		AC83C04726D3E1EC00513A07 /* AllCityModel.swift */ = {isa = PBXFileReference; fileEncoding = 4; lastKnownFileType = sourcecode.swift; path = AllCityModel.swift; sourceTree = "<group>"; };
		DAC68BF3CF42C3B9515E7FE2 /* Pods-HirenPrectical.release.xcconfig */ = {isa = PBXFileReference; includeInIndex = 1; lastKnownFileType = text.xcconfig; name = "Pods-HirenPrectical.release.xcconfig"; path = "Target Support Files/Pods-HirenPrectical/Pods-HirenPrectical.release.xcconfig"; sourceTree = "<group>"; };
/* End PBXFileReference section */

/* Begin PBXFrameworksBuildPhase section */
		AC5AF27A26CF6ABE001EE52D /* Frameworks */ = {
			isa = PBXFrameworksBuildPhase;
			buildActionMask = 2147483647;
			files = (
				E1B2BED1F13F2A024EEC5364 /* Pods_HirenPrectical.framework in Frameworks */,
			);
			runOnlyForDeploymentPostprocessing = 0;
		};
/* End PBXFrameworksBuildPhase section */

/* Begin PBXGroup section */
		026B1DD83352B8AC44217C66 /* Frameworks */ = {
			isa = PBXGroup;
			children = (
				98B4FCA259D06E5F3A7A721F /* Pods_HirenPrectical.framework */,
			);
			name = Frameworks;
			sourceTree = "<group>";
		};
		AC5AF27426CF6ABE001EE52D = {
			isa = PBXGroup;
			children = (
				AC5AF27F26CF6ABE001EE52D /* HirenPrectical */,
				AC5AF27E26CF6ABE001EE52D /* Products */,
				CC4E7D345E82D030FC66E7FC /* Pods */,
				026B1DD83352B8AC44217C66 /* Frameworks */,
			);
			sourceTree = "<group>";
		};
		AC5AF27E26CF6ABE001EE52D /* Products */ = {
			isa = PBXGroup;
			children = (
				AC5AF27D26CF6ABE001EE52D /* HirenPrectical.app */,
			);
			name = Products;
			sourceTree = "<group>";
		};
		AC5AF27F26CF6ABE001EE52D /* HirenPrectical */ = {
			isa = PBXGroup;
			children = (
				AC83BF8C26D36B1D00513A07 /* Global.swift */,
				AC5AF29C26CF6E15001EE52D /* AllCityCell */,
				AC5AF28026CF6ABE001EE52D /* AppDelegate.swift */,
				AC5AF28226CF6ABE001EE52D /* SceneDelegate.swift */,
				AC5AF28426CF6ABE001EE52D /* ViewController.swift */,
				AC5AF28626CF6ABE001EE52D /* Main.storyboard */,
				AC5AF28926CF6AC0001EE52D /* Assets.xcassets */,
				AC5AF28B26CF6AC0001EE52D /* LaunchScreen.storyboard */,
				AC5AF28E26CF6AC0001EE52D /* Info.plist */,
				AC5AF29926CF6D64001EE52D /* AllCityVC.swift */,
				AC5AF2A326CF7080001EE52D /* AllCityModel.swift */,
				AC83C04726D3E1EC00513A07 /* AllCityModel.swift */,
				AC5AF2B026CF8415001EE52D /* ChicagoCityVC.swift */,
				AC5AF2B326CF843F001EE52D /* NewYorkCityVC.swift */,
				AC5AF2B626CF8468001EE52D /* LosAngelesCityVC.swift */,
			);
			path = HirenPrectical;
			sourceTree = "<group>";
		};
		AC5AF29C26CF6E15001EE52D /* AllCityCell */ = {
			isa = PBXGroup;
			children = (
				AC5AF29D26CF6E5D001EE52D /* AllCityCell.swift */,
				AC83C03E26D3E1B800513A07 /* AllCityCell.xib */,
				AC83C03B26D3E1AE00513A07 /* AllCityCell.swift */,
				AC5AF29E26CF6E5D001EE52D /* AllCityCell.xib */,
			);
			name = AllCityCell;
			sourceTree = "<group>";
		};
		CC4E7D345E82D030FC66E7FC /* Pods */ = {
			isa = PBXGroup;
			children = (
				1957A32B434C3D49518C3DF7 /* Pods-HirenPrectical.debug.xcconfig */,
				DAC68BF3CF42C3B9515E7FE2 /* Pods-HirenPrectical.release.xcconfig */,
			);
			path = Pods;
			sourceTree = "<group>";
		};
/* End PBXGroup section */

/* Begin PBXNativeTarget section */
		AC5AF27C26CF6ABE001EE52D /* HirenPrectical */ = {
			isa = PBXNativeTarget;
			buildConfigurationList = AC5AF29126CF6AC0001EE52D /* Build configuration list for PBXNativeTarget "HirenPrectical" */;
			buildPhases = (
				C42865C212766ADA5E573FDC /* [CP] Check Pods Manifest.lock */,
				AC5AF27926CF6ABE001EE52D /* Sources */,
				AC5AF27A26CF6ABE001EE52D /* Frameworks */,
				AC5AF27B26CF6ABE001EE52D /* Resources */,
				577395441D6AE6930188DE5F /* [CP] Embed Pods Frameworks */,
			);
			buildRules = (
			);
			dependencies = (
			);
			name = HirenPrectical;
			productName = HirenPrectical;
			productReference = AC5AF27D26CF6ABE001EE52D /* HirenPrectical.app */;
			productType = "com.apple.product-type.application";
		};
/* End PBXNativeTarget section */

/* Begin PBXProject section */
		AC5AF27526CF6ABE001EE52D /* Project object */ = {
			isa = PBXProject;
			attributes = {
				LastSwiftUpdateCheck = 1240;
				LastUpgradeCheck = 1240;
				TargetAttributes = {
					AC5AF27C26CF6ABE001EE52D = {
						CreatedOnToolsVersion = 12.4;
					};
				};
			};
			buildConfigurationList = AC5AF27826CF6ABE001EE52D /* Build configuration list for PBXProject "HirenPrectical" */;
			compatibilityVersion = "Xcode 9.3";
			developmentRegion = en;
			hasScannedForEncodings = 0;
			knownRegions = (
				en,
				Base,
			);
			mainGroup = AC5AF27426CF6ABE001EE52D;
			productRefGroup = AC5AF27E26CF6ABE001EE52D /* Products */;
			projectDirPath = "";
			projectRoot = "";
			targets = (
				AC5AF27C26CF6ABE001EE52D /* HirenPrectical */,
			);
		};
/* End PBXProject section */

/* Begin PBXResourcesBuildPhase section */
		AC5AF27B26CF6ABE001EE52D /* Resources */ = {
			isa = PBXResourcesBuildPhase;
			buildActionMask = 2147483647;
			files = (
				AC5AF28D26CF6AC0001EE52D /* LaunchScreen.storyboard in Resources */,
				AC5AF28A26CF6AC0001EE52D /* Assets.xcassets in Resources */,
				AC5AF2A026CF6E5D001EE52D /* AllCityCell.xib in Resources */,
				AC83C03F26D3E1B800513A07 /* AllCityCell.xib in Resources */,
				AC5AF28826CF6ABE001EE52D /* Main.storyboard in Resources */,
			);
			runOnlyForDeploymentPostprocessing = 0;
		};
/* End PBXResourcesBuildPhase section */

/* Begin PBXShellScriptBuildPhase section */
		577395441D6AE6930188DE5F /* [CP] Embed Pods Frameworks */ = {
			isa = PBXShellScriptBuildPhase;
			buildActionMask = 2147483647;
			files = (
			);
			inputFileListPaths = (
				"${PODS_ROOT}/Target Support Files/Pods-HirenPrectical/Pods-HirenPrectical-frameworks-${CONFIGURATION}-input-files.xcfilelist",
			);
			name = "[CP] Embed Pods Frameworks";
			outputFileListPaths = (
				"${PODS_ROOT}/Target Support Files/Pods-HirenPrectical/Pods-HirenPrectical-frameworks-${CONFIGURATION}-output-files.xcfilelist",
			);
			runOnlyForDeploymentPostprocessing = 0;
			shellPath = /bin/sh;
			shellScript = "\"${PODS_ROOT}/Target Support Files/Pods-HirenPrectical/Pods-HirenPrectical-frameworks.sh\"\n";
			showEnvVarsInLog = 0;
		};
		C42865C212766ADA5E573FDC /* [CP] Check Pods Manifest.lock */ = {
			isa = PBXShellScriptBuildPhase;
			buildActionMask = 2147483647;
			files = (
			);
			inputFileListPaths = (
			);
			inputPaths = (
				"${PODS_PODFILE_DIR_PATH}/Podfile.lock",
				"${PODS_ROOT}/Manifest.lock",
			);
			name = "[CP] Check Pods Manifest.lock";
			outputFileListPaths = (
			);
			outputPaths = (
				"$(DERIVED_FILE_DIR)/Pods-HirenPrectical-checkManifestLockResult.txt",
			);
			runOnlyForDeploymentPostprocessing = 0;
			shellPath = /bin/sh;
			shellScript = "diff \"${PODS_PODFILE_DIR_PATH}/Podfile.lock\" \"${PODS_ROOT}/Manifest.lock\" > /dev/null\nif [ $? != 0 ] ; then\n    # print error to STDERR\n    echo \"error: The sandbox is not in sync with the Podfile.lock. Run 'pod install' or update your CocoaPods installation.\" >&2\n    exit 1\nfi\n# This output is used by Xcode 'outputs' to avoid re-running this script phase.\necho \"SUCCESS\" > \"${SCRIPT_OUTPUT_FILE_0}\"\n";
			showEnvVarsInLog = 0;
		};
/* End PBXShellScriptBuildPhase section */

/* Begin PBXSourcesBuildPhase section */
		AC5AF27926CF6ABE001EE52D /* Sources */ = {
			isa = PBXSourcesBuildPhase;
			buildActionMask = 2147483647;
			files = (
				AC83C04826D3E1EC00513A07 /* AllCityModel.swift in Sources */,
				AC5AF2A426CF7080001EE52D /* AllCityModel.swift in Sources */,
				AC5AF28526CF6ABE001EE52D /* ViewController.swift in Sources */,
				AC5AF29A26CF6D64001EE52D /* AllCityVC.swift in Sources */,
				AC83C03C26D3E1AE00513A07 /* AllCityCell.swift in Sources */,
				AC5AF29F26CF6E5D001EE52D /* AllCityCell.swift in Sources */,
				AC5AF2B126CF8415001EE52D /* ChicagoCityVC.swift in Sources */,
				AC5AF28126CF6ABE001EE52D /* AppDelegate.swift in Sources */,
				AC5AF2B726CF8468001EE52D /* LosAngelesCityVC.swift in Sources */,
				AC5AF28326CF6ABE001EE52D /* SceneDelegate.swift in Sources */,
				AC83BF8D26D36B1D00513A07 /* Global.swift in Sources */,
				AC5AF2B426CF843F001EE52D /* NewYorkCityVC.swift in Sources */,
			);
			runOnlyForDeploymentPostprocessing = 0;
		};
/* End PBXSourcesBuildPhase section */

/* Begin PBXVariantGroup section */
		AC5AF28626CF6ABE001EE52D /* Main.storyboard */ = {
			isa = PBXVariantGroup;
			children = (
				AC5AF28726CF6ABE001EE52D /* Base */,
			);
			name = Main.storyboard;
			sourceTree = "<group>";
		};
		AC5AF28B26CF6AC0001EE52D /* LaunchScreen.storyboard */ = {
			isa = PBXVariantGroup;
			children = (
				AC5AF28C26CF6AC0001EE52D /* Base */,
			);
			name = LaunchScreen.storyboard;
			sourceTree = "<group>";
		};
/* End PBXVariantGroup section */

/* Begin XCBuildConfiguration section */
		AC5AF28F26CF6AC0001EE52D /* Debug */ = {
			isa = XCBuildConfiguration;
			buildSettings = {
				ALWAYS_SEARCH_USER_PATHS = NO;
				CLANG_ANALYZER_NONNULL = YES;
				CLANG_ANALYZER_NUMBER_OBJECT_CONVERSION = YES_AGGRESSIVE;
				CLANG_CXX_LANGUAGE_STANDARD = "gnu++14";
				CLANG_CXX_LIBRARY = "libc++";
				CLANG_ENABLE_MODULES = YES;
				CLANG_ENABLE_OBJC_ARC = YES;
				CLANG_ENABLE_OBJC_WEAK = YES;
				CLANG_WARN_BLOCK_CAPTURE_AUTORELEASING = YES;
				CLANG_WARN_BOOL_CONVERSION = YES;
				CLANG_WARN_COMMA = YES;
				CLANG_WARN_CONSTANT_CONVERSION = YES;
				CLANG_WARN_DEPRECATED_OBJC_IMPLEMENTATIONS = YES;
				CLANG_WARN_DIRECT_OBJC_ISA_USAGE = YES_ERROR;
				CLANG_WARN_DOCUMENTATION_COMMENTS = YES;
				CLANG_WARN_EMPTY_BODY = YES;
				CLANG_WARN_ENUM_CONVERSION = YES;
				CLANG_WARN_INFINITE_RECURSION = YES;
				CLANG_WARN_INT_CONVERSION = YES;
				CLANG_WARN_NON_LITERAL_NULL_CONVERSION = YES;
				CLANG_WARN_OBJC_IMPLICIT_RETAIN_SELF = YES;
				CLANG_WARN_OBJC_LITERAL_CONVERSION = YES;
				CLANG_WARN_OBJC_ROOT_CLASS = YES_ERROR;
				CLANG_WARN_QUOTED_INCLUDE_IN_FRAMEWORK_HEADER = YES;
				CLANG_WARN_RANGE_LOOP_ANALYSIS = YES;
				CLANG_WARN_STRICT_PROTOTYPES = YES;
				CLANG_WARN_SUSPICIOUS_MOVE = YES;
				CLANG_WARN_UNGUARDED_AVAILABILITY = YES_AGGRESSIVE;
				CLANG_WARN_UNREACHABLE_CODE = YES;
				CLANG_WARN__DUPLICATE_METHOD_MATCH = YES;
				COPY_PHASE_STRIP = NO;
				DEBUG_INFORMATION_FORMAT = dwarf;
				ENABLE_STRICT_OBJC_MSGSEND = YES;
				ENABLE_TESTABILITY = YES;
				GCC_C_LANGUAGE_STANDARD = gnu11;
				GCC_DYNAMIC_NO_PIC = NO;
				GCC_NO_COMMON_BLOCKS = YES;
				GCC_OPTIMIZATION_LEVEL = 0;
				GCC_PREPROCESSOR_DEFINITIONS = (
					"DEBUG=1",
					"$(inherited)",
				);
				GCC_WARN_64_TO_32_BIT_CONVERSION = YES;
				GCC_WARN_ABOUT_RETURN_TYPE = YES_ERROR;
				GCC_WARN_UNDECLARED_SELECTOR = YES;
				GCC_WARN_UNINITIALIZED_AUTOS = YES_AGGRESSIVE;
				GCC_WARN_UNUSED_FUNCTION = YES;
				GCC_WARN_UNUSED_VARIABLE = YES;
				IPHONEOS_DEPLOYMENT_TARGET = 14.4;
				MTL_ENABLE_DEBUG_INFO = INCLUDE_SOURCE;
				MTL_FAST_MATH = YES;
				ONLY_ACTIVE_ARCH = YES;
				SDKROOT = iphoneos;
				SWIFT_ACTIVE_COMPILATION_CONDITIONS = DEBUG;
				SWIFT_OPTIMIZATION_LEVEL = "-Onone";
			};
			name = Debug;
		};
		AC5AF29026CF6AC0001EE52D /* Release */ = {
			isa = XCBuildConfiguration;
			buildSettings = {
				ALWAYS_SEARCH_USER_PATHS = NO;
				CLANG_ANALYZER_NONNULL = YES;
				CLANG_ANALYZER_NUMBER_OBJECT_CONVERSION = YES_AGGRESSIVE;
				CLANG_CXX_LANGUAGE_STANDARD = "gnu++14";
				CLANG_CXX_LIBRARY = "libc++";
				CLANG_ENABLE_MODULES = YES;
				CLANG_ENABLE_OBJC_ARC = YES;
				CLANG_ENABLE_OBJC_WEAK = YES;
				CLANG_WARN_BLOCK_CAPTURE_AUTORELEASING = YES;
				CLANG_WARN_BOOL_CONVERSION = YES;
				CLANG_WARN_COMMA = YES;
				CLANG_WARN_CONSTANT_CONVERSION = YES;
				CLANG_WARN_DEPRECATED_OBJC_IMPLEMENTATIONS = YES;
				CLANG_WARN_DIRECT_OBJC_ISA_USAGE = YES_ERROR;
				CLANG_WARN_DOCUMENTATION_COMMENTS = YES;
				CLANG_WARN_EMPTY_BODY = YES;
				CLANG_WARN_ENUM_CONVERSION = YES;
				CLANG_WARN_INFINITE_RECURSION = YES;
				CLANG_WARN_INT_CONVERSION = YES;
				CLANG_WARN_NON_LITERAL_NULL_CONVERSION = YES;
				CLANG_WARN_OBJC_IMPLICIT_RETAIN_SELF = YES;
				CLANG_WARN_OBJC_LITERAL_CONVERSION = YES;
				CLANG_WARN_OBJC_ROOT_CLASS = YES_ERROR;
				CLANG_WARN_QUOTED_INCLUDE_IN_FRAMEWORK_HEADER = YES;
				CLANG_WARN_RANGE_LOOP_ANALYSIS = YES;
				CLANG_WARN_STRICT_PROTOTYPES = YES;
				CLANG_WARN_SUSPICIOUS_MOVE = YES;
				CLANG_WARN_UNGUARDED_AVAILABILITY = YES_AGGRESSIVE;
				CLANG_WARN_UNREACHABLE_CODE = YES;
				CLANG_WARN__DUPLICATE_METHOD_MATCH = YES;
				COPY_PHASE_STRIP = NO;
				DEBUG_INFORMATION_FORMAT = "dwarf-with-dsym";
				ENABLE_NS_ASSERTIONS = NO;
				ENABLE_STRICT_OBJC_MSGSEND = YES;
				GCC_C_LANGUAGE_STANDARD = gnu11;
				GCC_NO_COMMON_BLOCKS = YES;
				GCC_WARN_64_TO_32_BIT_CONVERSION = YES;
				GCC_WARN_ABOUT_RETURN_TYPE = YES_ERROR;
				GCC_WARN_UNDECLARED_SELECTOR = YES;
				GCC_WARN_UNINITIALIZED_AUTOS = YES_AGGRESSIVE;
				GCC_WARN_UNUSED_FUNCTION = YES;
				GCC_WARN_UNUSED_VARIABLE = YES;
				IPHONEOS_DEPLOYMENT_TARGET = 14.4;
				MTL_ENABLE_DEBUG_INFO = NO;
				MTL_FAST_MATH = YES;
				SDKROOT = iphoneos;
				SWIFT_COMPILATION_MODE = wholemodule;
				SWIFT_OPTIMIZATION_LEVEL = "-O";
				VALIDATE_PRODUCT = YES;
			};
			name = Release;
		};
		AC5AF29226CF6AC0001EE52D /* Debug */ = {
			isa = XCBuildConfiguration;
			baseConfigurationReference = 1957A32B434C3D49518C3DF7 /* Pods-HirenPrectical.debug.xcconfig */;
			buildSettings = {
				ASSETCATALOG_COMPILER_APPICON_NAME = AppIcon;
				ASSETCATALOG_COMPILER_GLOBAL_ACCENT_COLOR_NAME = AccentColor;
				CODE_SIGN_STYLE = Automatic;
				DEVELOPMENT_TEAM = V9P4LGL828;
				INFOPLIST_FILE = HirenPrectical/Info.plist;
				LD_RUNPATH_SEARCH_PATHS = (
					"$(inherited)",
					"@executable_path/Frameworks",
				);
				PRODUCT_BUNDLE_IDENTIFIER = com.ia.HirenPrectical;
				PRODUCT_NAME = "$(TARGET_NAME)";
				SWIFT_VERSION = 5.0;
				TARGETED_DEVICE_FAMILY = "1,2";
			};
			name = Debug;
		};
		AC5AF29326CF6AC0001EE52D /* Release */ = {
			isa = XCBuildConfiguration;
			baseConfigurationReference = DAC68BF3CF42C3B9515E7FE2 /* Pods-HirenPrectical.release.xcconfig */;
			buildSettings = {
				ASSETCATALOG_COMPILER_APPICON_NAME = AppIcon;
				ASSETCATALOG_COMPILER_GLOBAL_ACCENT_COLOR_NAME = AccentColor;
				CODE_SIGN_STYLE = Automatic;
				DEVELOPMENT_TEAM = V9P4LGL828;
				INFOPLIST_FILE = HirenPrectical/Info.plist;
				LD_RUNPATH_SEARCH_PATHS = (
					"$(inherited)",
					"@executable_path/Frameworks",
				);
				PRODUCT_BUNDLE_IDENTIFIER = com.ia.HirenPrectical;
				PRODUCT_NAME = "$(TARGET_NAME)";
				SWIFT_VERSION = 5.0;
				TARGETED_DEVICE_FAMILY = "1,2";
			};
			name = Release;
		};
/* End XCBuildConfiguration section */

/* Begin XCConfigurationList section */
		AC5AF27826CF6ABE001EE52D /* Build configuration list for PBXProject "HirenPrectical" */ = {
			isa = XCConfigurationList;
			buildConfigurations = (
				AC5AF28F26CF6AC0001EE52D /* Debug */,
				AC5AF29026CF6AC0001EE52D /* Release */,
			);
			defaultConfigurationIsVisible = 0;
			defaultConfigurationName = Release;
		};
		AC5AF29126CF6AC0001EE52D /* Build configuration list for PBXNativeTarget "HirenPrectical" */ = {
			isa = XCConfigurationList;
			buildConfigurations = (
				AC5AF29226CF6AC0001EE52D /* Debug */,
				AC5AF29326CF6AC0001EE52D /* Release */,
			);
			defaultConfigurationIsVisible = 0;
			defaultConfigurationName = Release;
		};
/* End XCConfigurationList section */
	};
	rootObject = AC5AF27526CF6ABE001EE52D /* Project object */;
}
